lockfileVersion: '6.0'

settings:
  autoInstallPeers: true
  excludeLinksFromLockfile: false

dependencies:
  '@bufbuild/protobuf':
    specifier: ^1.7.2
    version: 1.7.2

devDependencies:
  '@bufbuild/buf':
    specifier: ^1.29.0
    version: 1.29.0
  '@bufbuild/protoc-gen-es':
    specifier: ^1.7.2
    version: 1.7.2(@bufbuild/protobuf@1.7.2)
  genversion:
    specifier: ^3.2.0
    version: 3.2.0

packages:

  /@bufbuild/buf-darwin-arm64@1.29.0:
    resolution: {integrity: sha512-5hKxsARoY2WpWq1n5ONFqqGuauHb4yILKXCy37KRYCKiRLWmIP5yI3gWvWHKoH7sUJWTQmBqdJoCvYQr6ahQnw==}
    engines: {node: '>=12'}
    cpu: [arm64]
    os: [darwin]
    requiresBuild: true
    dev: true
    optional: true

  /@bufbuild/buf-darwin-x64@1.29.0:
    resolution: {integrity: sha512-wOAPxbPLBns4AHiComWtdO1sx1J1p6mDYTbqmloHuI+B5U2rDbMsoHoe4nBcoMF8+RHxoqjypha29wVo6yzbZg==}
    engines: {node: '>=12'}
    cpu: [x64]
    os: [darwin]
    requiresBuild: true
    dev: true
    optional: true

  /@bufbuild/buf-linux-aarch64@1.29.0:
    resolution: {integrity: sha512-jLk2J/wyyM7KNJ/DkLfhy3eS2/Bdb70e/56adMkapSoLJmghnpgxW+oFznMxxQUX5I9BU5hTn1UhDFxgLwhP7g==}
    engines: {node: '>=12'}
    cpu: [arm64]
    os: [linux]
    requiresBuild: true
    dev: true
    optional: true

  /@bufbuild/buf-linux-x64@1.29.0:
    resolution: {integrity: sha512-heLOywj3Oaoh69RnTx7tHsuz6rEnvz77bghLEOghsrjBR6Jcpcwc137EZR4kRTIWJNrE8Kmo3RVeXlv144qQIQ==}
    engines: {node: '>=12'}
    cpu: [x64]
    os: [linux]
    requiresBuild: true
    dev: true
    optional: true

  /@bufbuild/buf-win32-arm64@1.29.0:
    resolution: {integrity: sha512-Eglyvr3PLqVucuHBcQ61conyBgH9BRaoLpKWcce1gYBVlxMQM1NxjVjGOWihxQ1dXXw5qZXmYfVODf3gSwPMuQ==}
    engines: {node: '>=12'}
    cpu: [arm64]
    os: [win32]
    requiresBuild: true
    dev: true
    optional: true

  /@bufbuild/buf-win32-x64@1.29.0:
    resolution: {integrity: sha512-wRk6co+nqHqEq4iLolXgej0jUVlWlTtGHjKaq54lTbKZrwxrBgql6qS06abgNPRASX0++XT9m3QRZ97qEIC/HQ==}
    engines: {node: '>=12'}
    cpu: [x64]
    os: [win32]
    requiresBuild: true
    dev: true
    optional: true

  /@bufbuild/buf@1.29.0:
    resolution: {integrity: sha512-euksXeFtvlvAV5j94LqXb69qQcJvFfo8vN1d3cx+IzhOKoipykuQQTq7mOWVo2R0kdk6yIMBLBofOYOsh0Df8g==}
    engines: {node: '>=12'}
    hasBin: true
    requiresBuild: true
    optionalDependencies:
      '@bufbuild/buf-darwin-arm64': 1.29.0
      '@bufbuild/buf-darwin-x64': 1.29.0
      '@bufbuild/buf-linux-aarch64': 1.29.0
      '@bufbuild/buf-linux-x64': 1.29.0
      '@bufbuild/buf-win32-arm64': 1.29.0
      '@bufbuild/buf-win32-x64': 1.29.0
    dev: true

  /@bufbuild/protobuf@1.7.2:
    resolution: {integrity: sha512-i5GE2Dk5ekdlK1TR7SugY4LWRrKSfb5T1Qn4unpIMbfxoeGKERKQ59HG3iYewacGD10SR7UzevfPnh6my4tNmQ==}

  /@bufbuild/protoc-gen-es@1.7.2(@bufbuild/protobuf@1.7.2):
    resolution: {integrity: sha512-yiRk/T+YGmpSVvIkybCjPt+QyM/pLWMO+MAiz6auvCsiAgfXfc5nFFosD4yBYXID55M6eIkgBcity1AoJ6I30A==}
    engines: {node: '>=14'}
    hasBin: true
    peerDependencies:
      '@bufbuild/protobuf': 1.7.2
    peerDependenciesMeta:
      '@bufbuild/protobuf':
        optional: true
    dependencies:
      '@bufbuild/protobuf': 1.7.2
      '@bufbuild/protoplugin': 1.7.2
    transitivePeerDependencies:
      - supports-color
    dev: true

  /@bufbuild/protoplugin@1.7.2:
    resolution: {integrity: sha512-N3QtO8XWD4F4alMtASWtxBw6BWXp4aLz7rPBXH4KTULdjpUHnq46g15TsrG0/8szZw6pIklTO3lFe14dl6ZYdA==}
    dependencies:
      '@bufbuild/protobuf': 1.7.2
      '@typescript/vfs': 1.5.0
      typescript: 4.5.2
    transitivePeerDependencies:
      - supports-color
    dev: true

  /@typescript/vfs@1.5.0:
    resolution: {integrity: sha512-AJS307bPgbsZZ9ggCT3wwpg3VbTKMFNHfaY/uF0ahSkYYrPF2dSSKDNIDIQAHm9qJqbLvCsSJH7yN4Vs/CsMMg==}
    dependencies:
      debug: 4.3.4
    transitivePeerDependencies:
      - supports-color
    dev: true

  /ansi-styles@4.3.0:
    resolution: {integrity: sha512-zbB9rCJAT1rbjiVDb2hqKFHNYLxgtk8NURxZ3IZwD3F6NtxbXZQCnnSi1Lkx+IDohdPlFp222wVALIheZJQSEg==}
    engines: {node: '>=8'}
    dependencies:
      color-convert: 2.0.1
    dev: true

  /async@3.2.5:
    resolution: {integrity: sha512-baNZyqaaLhyLVKm/DlvdW051MSgO6b8eVfIezl9E5PqWxFgzLm/wQntEW4zOytVburDEr0JlALEpdOFwvErLsg==}
    dev: true

  /balanced-match@1.0.2:
    resolution: {integrity: sha512-3oSeUO0TMV67hN1AmbXsK4yaqU7tjiHlbxRDZOpH0KW9+CeX4bRAaX0Anxt0tx2MrpRpWwQaPwIlISEJhYU5Pw==}
    dev: true

  /brace-expansion@1.1.11:
    resolution: {integrity: sha512-iCuPHDFgrHX7H2vEI/5xpz07zSHB00TpugqhmYtVmMO6518mCuRMoOYFldEBl0g187ufozdaHgWKcYFb61qGiA==}
    dependencies:
      balanced-match: 1.0.2
      concat-map: 0.0.1
    dev: true

  /brace-expansion@2.0.1:
    resolution: {integrity: sha512-XnAIvQ8eM+kC6aULx6wuQiwVsnzsi9d3WxzV3FpWTGA19F621kwdbsAcFKXgKUHZWsy+mY6iL1sHTxWEFCytDA==}
    dependencies:
      balanced-match: 1.0.2
    dev: true

  /chalk@4.1.2:
    resolution: {integrity: sha512-oKnbhFyRIXpUuez8iBMmyEa4nbj4IOQyuhc/wy9kY7/WVPcwIO9VA668Pu8RkO7+0G76SLROeyw9CpQ061i4mA==}
    engines: {node: '>=10'}
    dependencies:
      ansi-styles: 4.3.0
      supports-color: 7.2.0
    dev: true

  /color-convert@2.0.1:
    resolution: {integrity: sha512-RRECPsj7iu/xb5oKYcsFHSppFNnsj/52OVTRKb4zP5onXwVF3zVmmToNcOfGC+CRDpfK/U584fMg38ZHCaElKQ==}
    engines: {node: '>=7.0.0'}
    dependencies:
      color-name: 1.1.4
    dev: true

  /color-name@1.1.4:
    resolution: {integrity: sha512-dOy+3AuW3a2wNbZHIuMZpTcgjGuLU/uBL/ubcZF9OXbDo8ff4O8yVp5Bf0efS8uEoYo5q4Fx7dY9OgQGXgAsQA==}
    dev: true

  /commander@7.2.0:
    resolution: {integrity: sha512-QrWXB+ZQSVPmIWIhtEO9H+gwHaMGYiF5ChvoJ+K9ZGHG/sVsa6yiesAD1GC/x46sET00Xlwo1u49RVVVzvcSkw==}
    engines: {node: '>= 10'}
    dev: true

  /concat-map@0.0.1:
    resolution: {integrity: sha1-2Klr13/Wjfd5OnMDajug1UBdR3s=}
    dev: true

  /debug@4.3.4:
    resolution: {integrity: sha512-PRWFHuSU3eDtQJPvnNY7Jcket1j0t5OuOsFzPPzsekD52Zl8qUfFIPEiswXqIvHWGVHOgX+7G/vCNNhehwxfkQ==}
    engines: {node: '>=6.0'}
    peerDependencies:
      supports-color: '*'
    peerDependenciesMeta:
      supports-color:
        optional: true
    dependencies:
      ms: 2.1.2
    dev: true

  /ejs@3.1.9:
    resolution: {integrity: sha512-rC+QVNMJWv+MtPgkt0y+0rVEIdbtxVADApW9JXrUVlzHetgcyczP/E7DJmWJ4fJCZF2cPcBk0laWO9ZHMG3DmQ==}
    engines: {node: '>=0.10.0'}
    hasBin: true
    dependencies:
      jake: 10.8.7
    dev: true

  /filelist@1.0.4:
    resolution: {integrity: sha512-w1cEuf3S+DrLCQL7ET6kz+gmlJdbq9J7yXCSjK/OZCPA+qEN1WyF4ZAf0YYJa4/shHJra2t/d/r8SV4Ji+x+8Q==}
    dependencies:
      minimatch: 5.1.6
    dev: true

  /find-package@1.0.0:
    resolution: {integrity: sha512-yVn71XCCaNgxz58ERTl8nA/8YYtIQDY9mHSrgFBfiFtdNNfY0h183Vh8BRkKxD8x9TUw3ec290uJKhDVxqGZBw==}
    dependencies:
      parents: 1.0.1
    dev: true

  /genversion@3.2.0:
    resolution: {integrity: sha512-OIYSX6XYA8PHecLDCTri30hadSZfAjZ8Iq1+BBDXqLWP4dRLuJNLoNjsSWtTpw97IccK2LDWzkEstxAB8GdN7g==}
    engines: {node: '>=10.0.0'}
    hasBin: true
    dependencies:
      commander: 7.2.0
      ejs: 3.1.9
      find-package: 1.0.0
    dev: true

  /has-flag@4.0.0:
    resolution: {integrity: sha512-EykJT/Q1KjTWctppgIAgfSO0tKVuZUjhgMr17kqTumMl6Afv3EISleU7qZUzoXDFTAHTDC4NOoG/ZxU3EvlMPQ==}
    engines: {node: '>=8'}
    dev: true

  /jake@10.8.7:
    resolution: {integrity: sha512-ZDi3aP+fG/LchyBzUM804VjddnwfSfsdeYkwt8NcbKRvo4rFkjhs456iLFn3k2ZUWvNe4i48WACDbza8fhq2+w==}
    engines: {node: '>=10'}
    hasBin: true
    dependencies:
      async: 3.2.5
      chalk: 4.1.2
      filelist: 1.0.4
      minimatch: 3.1.2
    dev: true

  /minimatch@3.1.2:
    resolution: {integrity: sha512-J7p63hRiAjw1NDEww1W7i37+ByIrOWO5XQQAzZ3VOcL0PNybwpfmV/N05zFAzwQ9USyEcX6t3UO+K5aqBQOIHw==}
    dependencies:
      brace-expansion: 1.1.11
    dev: true

  /minimatch@5.1.6:
    resolution: {integrity: sha512-lKwV/1brpG6mBUFHtb7NUmtABCb2WZZmm2wNiOA5hAb8VdCS4B3dtMWyvcoViccwAW/COERjXLt0zP1zXUN26g==}
    engines: {node: '>=10'}
    dependencies:
      brace-expansion: 2.0.1
    dev: true

  /ms@2.1.2:
    resolution: {integrity: sha512-sGkPx+VjMtmA6MX27oA4FBFELFCZZ4S4XqeGOXCv68tT+jb3vk/RyaKWP0PTKyWtmLSM0b+adUTEvbs1PEaH2w==}
    dev: true

  /parents@1.0.1:
    resolution: {integrity: sha512-mXKF3xkoUt5td2DoxpLmtOmZvko9VfFpwRwkKDHSNvgmpLAeBo18YDhcPbBzJq+QLCHMbGOfzia2cX4U+0v9Mg==}
    dependencies:
      path-platform: 0.11.15
    dev: true

  /path-platform@0.11.15:
    resolution: {integrity: sha512-Y30dB6rab1A/nfEKsZxmr01nUotHX0c/ZiIAsCTatEe1CmS5Pm5He7fZ195bPT7RdquoaL8lLxFCMQi/bS7IJg==}
    engines: {node: '>= 0.8.0'}
    dev: true

  /supports-color@7.2.0:
    resolution: {integrity: sha512-qpCAvRl9stuOHveKsn7HncJRvv501qIacKzQlO/+Lwxc9+0q2wLyv4Dfvt80/DPn2pqOBsJdDiogXGR9+OvwRw==}
    engines: {node: '>=8'}
    dependencies:
      has-flag: 4.0.0
    dev: true

  /typescript@4.5.2:
    resolution: {integrity: sha512-5BlMof9H1yGt0P8/WF+wPNw6GfctgGjXp5hkblpyT+8rkASSmkUKMXrxR0Xg8ThVCi/JnHQiKXeBaEwCeQwMFw==}
    engines: {node: '>=4.2.0'}
    hasBin: true
    dev: true
